
Microsoft Visual Studio Solution File, Format Version 12.00
# Visual Studio Version 17
VisualStudioVersion = 17.2.32630.192
MinimumVisualStudioVersion = 10.0.40219.1
Project("{FAE04EC0-301F-11D3-BF4B-00C04F79EFBC}") = "MinimalPrice", "MinimalPrice\MinimalPrice.csproj", "{7ADFBEBD-B79B-4A76-BEA9-7B2088BA753D}"
EndProject
Global
	GlobalSection(SolutionConfigurationPlatforms) = preSolution
		Debug|Any CPU = Debug|Any CPU
		Release|Any CPU = Release|Any CPU
	EndGlobalSection
	GlobalSection(ProjectConfigurationPlatforms) = postSolution
		{7ADFBEBD-B79B-4A76-BEA9-7B2088BA753D}.Debug|Any CPU.ActiveCfg = Debug|Any CPU
		{7ADFBEBD-B79B-4A76-BEA9-7B2088BA753D}.Debug|Any CPU.Build.0 = Debug|Any CPU
		{7ADFBEBD-B79B-4A76-BEA9-7B2088BA753D}.Release|Any CPU.ActiveCfg = Release|Any CPU
		{7ADFBEBD-B79B-4A76-BEA9-7B2088BA753D}.Release|Any CPU.Build.0 = Release|Any CPU
	EndGlobalSection
	GlobalSection(SolutionProperties) = preSolution
		HideSolutionNode = FALSE
	EndGlobalSection
	GlobalSection(ExtensibilityGlobals) = postSolution
		SolutionGuid = {3E612990-0AC8-4A2A-A001-40E239C76975}
	EndGlobalSection
EndGlobal
